
Microsoft Visual Studio Solution File, Format Version 12.00
# Visual Studio 15
Project("{FAE04EC0-301F-11D3-BF4B-00C04F79EFBC}") = "Assembly-CSharp", "Assembly-CSharp.csproj", "{7E4E6F2D-1358-1718-A43F-1021EF2F6E8E}"
EndProject
Project("{FAE04EC0-301F-11D3-BF4B-00C04F79EFBC}") = "Assembly-CSharp-Editor", "Assembly-CSharp-Editor.csproj", "{65E2DDB8-D71F-C1B6-2A28-3F4EAE869052}"
EndProject
Global
	GlobalSection(SolutionConfigurationPlatforms) = preSolution
		Debug|Any CPU = Debug|Any CPU
		Release|Any CPU = Release|Any CPU
	EndGlobalSection
	GlobalSection(ProjectConfigurationPlatforms) = postSolution
		{7E4E6F2D-1358-1718-A43F-1021EF2F6E8E}.Debug|Any CPU.ActiveCfg = Debug|Any CPU
		{7E4E6F2D-1358-1718-A43F-1021EF2F6E8E}.Debug|Any CPU.Build.0 = Debug|Any CPU
		{7E4E6F2D-1358-1718-A43F-1021EF2F6E8E}.Release|Any CPU.ActiveCfg = Release|Any CPU
		{7E4E6F2D-1358-1718-A43F-1021EF2F6E8E}.Release|Any CPU.Build.0 = Release|Any CPU
		{65E2DDB8-D71F-C1B6-2A28-3F4EAE869052}.Debug|Any CPU.ActiveCfg = Debug|Any CPU
		{65E2DDB8-D71F-C1B6-2A28-3F4EAE869052}.Debug|Any CPU.Build.0 = Debug|Any CPU
		{65E2DDB8-D71F-C1B6-2A28-3F4EAE869052}.Release|Any CPU.ActiveCfg = Release|Any CPU
		{65E2DDB8-D71F-C1B6-2A28-3F4EAE869052}.Release|Any CPU.Build.0 = Release|Any CPU
	EndGlobalSection
	GlobalSection(SolutionProperties) = preSolution
		HideSolutionNode = FALSE
	EndGlobalSection
EndGlobal
