
Microsoft Visual Studio Solution File, Format Version 12.00
# Visual Studio 15
Project("{FAE04EC0-301F-11D3-BF4B-00C04F79EFBC}") = "Assembly-CSharp", "Assembly-CSharp.csproj", "{B5ABE773-F1DD-7617-9C96-256A709791D9}"
EndProject
Project("{FAE04EC0-301F-11D3-BF4B-00C04F79EFBC}") = "Assembly-CSharp-Editor", "Assembly-CSharp-Editor.csproj", "{D7380F8F-0577-C554-E48F-9E8EAE49139F}"
EndProject
Global
	GlobalSection(SolutionConfigurationPlatforms) = preSolution
		Debug|Any CPU = Debug|Any CPU
		Release|Any CPU = Release|Any CPU
	EndGlobalSection
	GlobalSection(ProjectConfigurationPlatforms) = postSolution
		{B5ABE773-F1DD-7617-9C96-256A709791D9}.Debug|Any CPU.ActiveCfg = Debug|Any CPU
		{B5ABE773-F1DD-7617-9C96-256A709791D9}.Debug|Any CPU.Build.0 = Debug|Any CPU
		{B5ABE773-F1DD-7617-9C96-256A709791D9}.Release|Any CPU.ActiveCfg = Release|Any CPU
		{B5ABE773-F1DD-7617-9C96-256A709791D9}.Release|Any CPU.Build.0 = Release|Any CPU
		{D7380F8F-0577-C554-E48F-9E8EAE49139F}.Debug|Any CPU.ActiveCfg = Debug|Any CPU
		{D7380F8F-0577-C554-E48F-9E8EAE49139F}.Debug|Any CPU.Build.0 = Debug|Any CPU
		{D7380F8F-0577-C554-E48F-9E8EAE49139F}.Release|Any CPU.ActiveCfg = Release|Any CPU
		{D7380F8F-0577-C554-E48F-9E8EAE49139F}.Release|Any CPU.Build.0 = Release|Any CPU
	EndGlobalSection
	GlobalSection(SolutionProperties) = preSolution
		HideSolutionNode = FALSE
	EndGlobalSection
EndGlobal
